
Microsoft Visual Studio Solution File, Format Version 12.00
# Visual Studio 15
VisualStudioVersion = 15.0.28307.329
MinimumVisualStudioVersion = 10.0.40219.1
Project("{FAE04EC0-301F-11D3-BF4B-00C04F79EFBC}") = "GuuInterpretator", "GuuInterpretator\GuuInterpretator.csproj", "{2345320A-AE0E-40F0-BA8F-31DFB77BD519}"
EndProject
Global
	GlobalSection(SolutionConfigurationPlatforms) = preSolution
		Debug|Any CPU = Debug|Any CPU
		Release|Any CPU = Release|Any CPU
	EndGlobalSection
	GlobalSection(ProjectConfigurationPlatforms) = postSolution
		{2345320A-AE0E-40F0-BA8F-31DFB77BD519}.Debug|Any CPU.ActiveCfg = Debug|Any CPU
		{2345320A-AE0E-40F0-BA8F-31DFB77BD519}.Debug|Any CPU.Build.0 = Debug|Any CPU
		{2345320A-AE0E-40F0-BA8F-31DFB77BD519}.Release|Any CPU.ActiveCfg = Release|Any CPU
		{2345320A-AE0E-40F0-BA8F-31DFB77BD519}.Release|Any CPU.Build.0 = Release|Any CPU
	EndGlobalSection
	GlobalSection(SolutionProperties) = preSolution
		HideSolutionNode = FALSE
	EndGlobalSection
	GlobalSection(ExtensibilityGlobals) = postSolution
		SolutionGuid = {83E46E8E-EA0F-46E7-827C-89CE8014DA64}
	EndGlobalSection
EndGlobal
